
Microsoft Visual Studio Solution File, Format Version 12.00
# Visual Studio Version 17
VisualStudioVersion = 17.9.34321.82
MinimumVisualStudioVersion = 10.0.40219.1
Project("{FAE04EC0-301F-11D3-BF4B-00C04F79EFBC}") = "WpfSkiaSharp", "WpfSkiaSharp\WpfSkiaSharp.csproj", "{634B7E31-9F34-4199-9AE2-6DC87D7722A5}"
EndProject
Global
	GlobalSection(SolutionConfigurationPlatforms) = preSolution
		Debug|Any CPU = Debug|Any CPU
		Debug|x64 = Debug|x64
		DebugWithConsole|Any CPU = DebugWithConsole|Any CPU
		DebugWithConsole|x64 = DebugWithConsole|x64
		Release|Any CPU = Release|Any CPU
		Release|x64 = Release|x64
	EndGlobalSection
	GlobalSection(ProjectConfigurationPlatforms) = postSolution
		{634B7E31-9F34-4199-9AE2-6DC87D7722A5}.Debug|Any CPU.ActiveCfg = Debug|Any CPU
		{634B7E31-9F34-4199-9AE2-6DC87D7722A5}.Debug|Any CPU.Build.0 = Debug|Any CPU
		{634B7E31-9F34-4199-9AE2-6DC87D7722A5}.Debug|x64.ActiveCfg = Debug|x64
		{634B7E31-9F34-4199-9AE2-6DC87D7722A5}.Debug|x64.Build.0 = Debug|x64
		{634B7E31-9F34-4199-9AE2-6DC87D7722A5}.DebugWithConsole|Any CPU.ActiveCfg = DebugWithConsole|Any CPU
		{634B7E31-9F34-4199-9AE2-6DC87D7722A5}.DebugWithConsole|Any CPU.Build.0 = DebugWithConsole|Any CPU
		{634B7E31-9F34-4199-9AE2-6DC87D7722A5}.DebugWithConsole|x64.ActiveCfg = DebugWithConsole|x64
		{634B7E31-9F34-4199-9AE2-6DC87D7722A5}.DebugWithConsole|x64.Build.0 = DebugWithConsole|x64
		{634B7E31-9F34-4199-9AE2-6DC87D7722A5}.Release|Any CPU.ActiveCfg = Release|Any CPU
		{634B7E31-9F34-4199-9AE2-6DC87D7722A5}.Release|Any CPU.Build.0 = Release|Any CPU
		{634B7E31-9F34-4199-9AE2-6DC87D7722A5}.Release|x64.ActiveCfg = Release|x64
		{634B7E31-9F34-4199-9AE2-6DC87D7722A5}.Release|x64.Build.0 = Release|x64
	EndGlobalSection
	GlobalSection(SolutionProperties) = preSolution
		HideSolutionNode = FALSE
	EndGlobalSection
	GlobalSection(ExtensibilityGlobals) = postSolution
		SolutionGuid = {1E647EDA-741B-4048-A51D-130EA79FD7AA}
	EndGlobalSection
EndGlobal
